
Microsoft Visual Studio Solution File, Format Version 12.00
# Visual Studio Version 17
VisualStudioVersion = 17.13.35919.96 d17.13
MinimumVisualStudioVersion = 10.0.40219.1
Project("{FAE04EC0-301F-11D3-BF4B-00C04F79EFBC}") = "getuserinput", "getuserinput\getuserinput.csproj", "{D3D5D5D7-1492-4815-8233-2BAA8F390BFC}"
EndProject
Global
	GlobalSection(SolutionConfigurationPlatforms) = preSolution
		Debug|Any CPU = Debug|Any CPU
		Release|Any CPU = Release|Any CPU
	EndGlobalSection
	GlobalSection(ProjectConfigurationPlatforms) = postSolution
		{D3D5D5D7-1492-4815-8233-2BAA8F390BFC}.Debug|Any CPU.ActiveCfg = Debug|Any CPU
		{D3D5D5D7-1492-4815-8233-2BAA8F390BFC}.Debug|Any CPU.Build.0 = Debug|Any CPU
		{D3D5D5D7-1492-4815-8233-2BAA8F390BFC}.Release|Any CPU.ActiveCfg = Release|Any CPU
		{D3D5D5D7-1492-4815-8233-2BAA8F390BFC}.Release|Any CPU.Build.0 = Release|Any CPU
	EndGlobalSection
	GlobalSection(SolutionProperties) = preSolution
		HideSolutionNode = FALSE
	EndGlobalSection
	GlobalSection(ExtensibilityGlobals) = postSolution
		SolutionGuid = {E2432F16-2A99-4BEA-BFAB-50458BE4EE2A}
	EndGlobalSection
EndGlobal
