
Microsoft Visual Studio Solution File, Format Version 12.00
# Visual Studio Version 17
VisualStudioVersion = 17.13.35919.96 d17.13
MinimumVisualStudioVersion = 10.0.40219.1
Project("{FAE04EC0-301F-11D3-BF4B-00C04F79EFBC}") = "arithmeticOperators", "arithmeticOperators\arithmeticOperators.csproj", "{18279CDC-27C8-4A35-B0E3-974D45D903AA}"
EndProject
Global
	GlobalSection(SolutionConfigurationPlatforms) = preSolution
		Debug|Any CPU = Debug|Any CPU
		Release|Any CPU = Release|Any CPU
	EndGlobalSection
	GlobalSection(ProjectConfigurationPlatforms) = postSolution
		{18279CDC-27C8-4A35-B0E3-974D45D903AA}.Debug|Any CPU.ActiveCfg = Debug|Any CPU
		{18279CDC-27C8-4A35-B0E3-974D45D903AA}.Debug|Any CPU.Build.0 = Debug|Any CPU
		{18279CDC-27C8-4A35-B0E3-974D45D903AA}.Release|Any CPU.ActiveCfg = Release|Any CPU
		{18279CDC-27C8-4A35-B0E3-974D45D903AA}.Release|Any CPU.Build.0 = Release|Any CPU
	EndGlobalSection
	GlobalSection(SolutionProperties) = preSolution
		HideSolutionNode = FALSE
	EndGlobalSection
	GlobalSection(ExtensibilityGlobals) = postSolution
		SolutionGuid = {DC3BDCBD-455D-43FC-81E7-D42E50B47374}
	EndGlobalSection
EndGlobal
